
Microsoft Visual Studio Solution File, Format Version 12.00
# Visual Studio Version 17
VisualStudioVersion = 17.1.32319.34
MinimumVisualStudioVersion = 10.0.40219.1
Project("{FAE04EC0-301F-11D3-BF4B-00C04F79EFBC}") = "StorageApp", "StorageApp\StorageApp.csproj", "{7E3ED759-C4D7-419A-AC64-12357AB09AE5}"
EndProject
Global
	GlobalSection(SolutionConfigurationPlatforms) = preSolution
		Debug|Any CPU = Debug|Any CPU
		Release|Any CPU = Release|Any CPU
	EndGlobalSection
	GlobalSection(ProjectConfigurationPlatforms) = postSolution
		{7E3ED759-C4D7-419A-AC64-12357AB09AE5}.Debug|Any CPU.ActiveCfg = Debug|Any CPU
		{7E3ED759-C4D7-419A-AC64-12357AB09AE5}.Debug|Any CPU.Build.0 = Debug|Any CPU
		{7E3ED759-C4D7-419A-AC64-12357AB09AE5}.Release|Any CPU.ActiveCfg = Release|Any CPU
		{7E3ED759-C4D7-419A-AC64-12357AB09AE5}.Release|Any CPU.Build.0 = Release|Any CPU
	EndGlobalSection
	GlobalSection(SolutionProperties) = preSolution
		HideSolutionNode = FALSE
	EndGlobalSection
	GlobalSection(ExtensibilityGlobals) = postSolution
		SolutionGuid = {A3CA17A6-308E-480A-9A09-FA293DDCE7B5}
	EndGlobalSection
EndGlobal
